// !$*UTF8*$!
{
	archiveVersion = 1;
	classes = {};
	objectVersion = 56;
	objects = {

/* Begin PBXBuildFile section */
		A00000000000000000000001 /* JJGitApp.swift in Sources */ = {isa = PBXBuildFile; fileRef = A00000000000000000000011 /* JJGitApp.swift */; };
		A00000000000000000000002 /* ContentView.swift in Sources */ = {isa = PBXBuildFile; fileRef = A00000000000000000000012 /* ContentView.swift */; };
		A00000000000000000000003 /* Assets.xcassets in Resources */ = {isa = PBXBuildFile; fileRef = A00000000000000000000015 /* Assets.xcassets */; };
		9AB4CDCE32DC893B42074938 /* GitProcess.swift in Sources */ = {isa = PBXBuildFile; fileRef = 6FCE58329C69875AAE8EACB7; };
		C942AD2480CB244D2A684DE2 /* RepositoryAction.swift in Sources */ = {isa = PBXBuildFile; fileRef = AEE43E248A071C14E28E4A90; };
		0CCF077B949D11EA8E3C4000 /* RepositoryQuery.swift in Sources */ = {isa = PBXBuildFile; fileRef = 293B110111C33FA69C808F8D; };
		13D523FCE4A5CB130DC6EB0A /* CommitGraph.swift in Sources */ = {isa = PBXBuildFile; fileRef = 17D95CECC2740F25F91795BB; };
		6B9BBC0F6B91F409C0BA3B93 /* Repository.swift in Sources */ = {isa = PBXBuildFile; fileRef = 06DF6F11D2AE51F2F0D51AC1; };
		9E04E53E55E8CA86BA0E2563 /* TextDiff.swift in Sources */ = {isa = PBXBuildFile; fileRef = 5357A785B990F1A658FB3269; };
		F341E2AC91D627D2AEE636EC /* RepositoryLibrary.swift in Sources */ = {isa = PBXBuildFile; fileRef = 941D6B3CF7973C0AF0269569; };
		6AC5871237A3080185E1C3AD /* RepositoryMonitor.swift in Sources */ = {isa = PBXBuildFile; fileRef = DC519E44ED541591CDAF4193; };
		AE8449F8E1063D95C3D15E96 /* RepositorySession.swift in Sources */ = {isa = PBXBuildFile; fileRef = B04B823F5ABD1F95A2EBC8FE; };
		FF4EE48F7CFF0F8083B89AC2 /* Workspace.swift in Sources */ = {isa = PBXBuildFile; fileRef = 6AF46400894B652436490FF4; };
		36B028470CE908D9E3F9742D /* ActionDialog.swift in Sources */ = {isa = PBXBuildFile; fileRef = D3DB531FA22160379EBAA8D7; };
		5C64BBA958E27FBC11E964B0 /* ChangesView.swift in Sources */ = {isa = PBXBuildFile; fileRef = 91B32267AFCBE10569D8D854; };
		E13C4A02AC1BC2B0E9FB4C69 /* DiffView.swift in Sources */ = {isa = PBXBuildFile; fileRef = 09723C7E686BC460E19F3A2B; };
		A2431AD0045432EDAE29B117 /* HistoryView.swift in Sources */ = {isa = PBXBuildFile; fileRef = 3CB68DDEB147184592603B15; };
		3D727F9B3F460F64310985CD /* LibraryView.swift in Sources */ = {isa = PBXBuildFile; fileRef = 5725393DAB83625D89F5D234; };
		7C591F533911F8A1B5B84AF7 /* RepositoryView.swift in Sources */ = {isa = PBXBuildFile; fileRef = A979CF2BA9C064100180E2C2; };
		2A758416CF6C5E019425AABB /* SharedViews.swift in Sources */ = {isa = PBXBuildFile; fileRef = D0A6C207AB97BB86668E094C; };
		D324840AD7DFB466A10BED32 /* WorkspaceCommands.swift in Sources */ = {isa = PBXBuildFile; fileRef = 78D94C318ED78C13A2DE219F; };
		01EB25CD658C3D688C5F9B9C /* ShellEnvironment.swift in Sources */ = {isa = PBXBuildFile; fileRef = 078A4D92F0336100A0040956; };
		A1C0F16E0000000000000001 /* AppConfig.swift in Sources */ = {isa = PBXBuildFile; fileRef = A1C0F16E0000000000000002; };
		A1C0F16E0000000000000003 /* ConfigStore.swift in Sources */ = {isa = PBXBuildFile; fileRef = A1C0F16E0000000000000004; };
/* End PBXBuildFile section */

/* Begin PBXFileReference section */
		A00000000000000000000015 /* Assets.xcassets */ = {isa = PBXFileReference; lastKnownFileType = folder.assetcatalog; path = Assets.xcassets; sourceTree = "<group>"; };
		A00000000000000000000014 /* version.xcconfig */ = {isa = PBXFileReference; lastKnownFileType = text.xcconfig; path = version.xcconfig; sourceTree = "<group>"; };
		A00000000000000000000011 /* JJGitApp.swift */ = {isa = PBXFileReference; lastKnownFileType = sourcecode.swift; path = JJGitApp.swift; sourceTree = "<group>"; };
		A00000000000000000000012 /* ContentView.swift */ = {isa = PBXFileReference; lastKnownFileType = sourcecode.swift; path = ContentView.swift; sourceTree = "<group>"; };
		A00000000000000000000013 /* jj-git.app */ = {isa = PBXFileReference; explicitFileType = wrapper.application; includeInIndex = 0; path = "jj-git.app"; sourceTree = BUILT_PRODUCTS_DIR; };
		6FCE58329C69875AAE8EACB7 /* GitProcess.swift */ = {isa = PBXFileReference; lastKnownFileType = sourcecode.swift; path = GitProcess.swift; sourceTree = "<group>"; };
		AEE43E248A071C14E28E4A90 /* RepositoryAction.swift */ = {isa = PBXFileReference; lastKnownFileType = sourcecode.swift; path = RepositoryAction.swift; sourceTree = "<group>"; };
		293B110111C33FA69C808F8D /* RepositoryQuery.swift */ = {isa = PBXFileReference; lastKnownFileType = sourcecode.swift; path = RepositoryQuery.swift; sourceTree = "<group>"; };
		17D95CECC2740F25F91795BB /* CommitGraph.swift */ = {isa = PBXFileReference; lastKnownFileType = sourcecode.swift; path = CommitGraph.swift; sourceTree = "<group>"; };
		06DF6F11D2AE51F2F0D51AC1 /* Repository.swift */ = {isa = PBXFileReference; lastKnownFileType = sourcecode.swift; path = Repository.swift; sourceTree = "<group>"; };
		5357A785B990F1A658FB3269 /* TextDiff.swift */ = {isa = PBXFileReference; lastKnownFileType = sourcecode.swift; path = TextDiff.swift; sourceTree = "<group>"; };
		941D6B3CF7973C0AF0269569 /* RepositoryLibrary.swift */ = {isa = PBXFileReference; lastKnownFileType = sourcecode.swift; path = RepositoryLibrary.swift; sourceTree = "<group>"; };
		DC519E44ED541591CDAF4193 /* RepositoryMonitor.swift */ = {isa = PBXFileReference; lastKnownFileType = sourcecode.swift; path = RepositoryMonitor.swift; sourceTree = "<group>"; };
		B04B823F5ABD1F95A2EBC8FE /* RepositorySession.swift */ = {isa = PBXFileReference; lastKnownFileType = sourcecode.swift; path = RepositorySession.swift; sourceTree = "<group>"; };
		6AF46400894B652436490FF4 /* Workspace.swift */ = {isa = PBXFileReference; lastKnownFileType = sourcecode.swift; path = Workspace.swift; sourceTree = "<group>"; };
		D3DB531FA22160379EBAA8D7 /* ActionDialog.swift */ = {isa = PBXFileReference; lastKnownFileType = sourcecode.swift; path = ActionDialog.swift; sourceTree = "<group>"; };
		91B32267AFCBE10569D8D854 /* ChangesView.swift */ = {isa = PBXFileReference; lastKnownFileType = sourcecode.swift; path = ChangesView.swift; sourceTree = "<group>"; };
		09723C7E686BC460E19F3A2B /* DiffView.swift */ = {isa = PBXFileReference; lastKnownFileType = sourcecode.swift; path = DiffView.swift; sourceTree = "<group>"; };
		3CB68DDEB147184592603B15 /* HistoryView.swift */ = {isa = PBXFileReference; lastKnownFileType = sourcecode.swift; path = HistoryView.swift; sourceTree = "<group>"; };
		5725393DAB83625D89F5D234 /* LibraryView.swift */ = {isa = PBXFileReference; lastKnownFileType = sourcecode.swift; path = LibraryView.swift; sourceTree = "<group>"; };
		A979CF2BA9C064100180E2C2 /* RepositoryView.swift */ = {isa = PBXFileReference; lastKnownFileType = sourcecode.swift; path = RepositoryView.swift; sourceTree = "<group>"; };
		D0A6C207AB97BB86668E094C /* SharedViews.swift */ = {isa = PBXFileReference; lastKnownFileType = sourcecode.swift; path = SharedViews.swift; sourceTree = "<group>"; };
		78D94C318ED78C13A2DE219F /* WorkspaceCommands.swift */ = {isa = PBXFileReference; lastKnownFileType = sourcecode.swift; path = WorkspaceCommands.swift; sourceTree = "<group>"; };
		078A4D92F0336100A0040956 /* ShellEnvironment.swift */ = {isa = PBXFileReference; lastKnownFileType = sourcecode.swift; path = ShellEnvironment.swift; sourceTree = "<group>"; };
		A1C0F16E0000000000000002 /* AppConfig.swift */ = {isa = PBXFileReference; lastKnownFileType = sourcecode.swift; path = AppConfig.swift; sourceTree = "<group>"; };
		A1C0F16E0000000000000004 /* ConfigStore.swift */ = {isa = PBXFileReference; lastKnownFileType = sourcecode.swift; path = ConfigStore.swift; sourceTree = "<group>"; };
/* End PBXFileReference section */

/* Begin PBXFrameworksBuildPhase section */
		A00000000000000000000021 = {isa = PBXFrameworksBuildPhase; buildActionMask = 2147483647; files = (); runOnlyForDeploymentPostprocessing = 0; };
/* End PBXFrameworksBuildPhase section */

/* Begin PBXGroup section */
		A00000000000000000000031 = {
			isa = PBXGroup;
			children = (A00000000000000000000014 /* version.xcconfig */, A00000000000000000000032 /* jj-git */, A00000000000000000000033 /* Products */);
			sourceTree = "<group>";
		};
		A00000000000000000000032 /* jj-git */ = {
			isa = PBXGroup;
			children = (6855256899307EF1338B85BB /* Views */, 788A8A120315C723A69F373C /* ViewModels */, 0C1AF0384CD8A446FDD75366 /* Native */, C6A2D6A93166D65F6B4EA511 /* Models */, 9BF57C01AC8B42D31A8065C6 /* Commands */, A00000000000000000000011 /* JJGitApp.swift */, A00000000000000000000012 /* ContentView.swift */, A00000000000000000000015 /* Assets.xcassets */);
			path = "Sources/jj-git";
			sourceTree = "<group>";
		};
		A00000000000000000000033 /* Products */ = {
			isa = PBXGroup;
			children = (A00000000000000000000013 /* jj-git.app */);
			name = Products;
			sourceTree = "<group>";
		};
		9BF57C01AC8B42D31A8065C6 /* Commands */ = {isa = PBXGroup; children = (6FCE58329C69875AAE8EACB7 /* GitProcess.swift */, AEE43E248A071C14E28E4A90 /* RepositoryAction.swift */, 293B110111C33FA69C808F8D /* RepositoryQuery.swift */); path = Commands; sourceTree = "<group>"; };
		C6A2D6A93166D65F6B4EA511 /* Models */ = {isa = PBXGroup; children = (17D95CECC2740F25F91795BB /* CommitGraph.swift */, 06DF6F11D2AE51F2F0D51AC1 /* Repository.swift */, 941D6B3CF7973C0AF0269569 /* RepositoryLibrary.swift */, A1C0F16E0000000000000002 /* AppConfig.swift */, 5357A785B990F1A658FB3269 /* TextDiff.swift */); path = Models; sourceTree = "<group>"; };
		0C1AF0384CD8A446FDD75366 /* Native */ = {isa = PBXGroup; children = (DC519E44ED541591CDAF4193 /* RepositoryMonitor.swift */, 078A4D92F0336100A0040956 /* ShellEnvironment.swift */, A1C0F16E0000000000000004 /* ConfigStore.swift */); path = Native; sourceTree = "<group>"; };
		788A8A120315C723A69F373C /* ViewModels */ = {isa = PBXGroup; children = (B04B823F5ABD1F95A2EBC8FE /* RepositorySession.swift */, 6AF46400894B652436490FF4 /* Workspace.swift */); path = ViewModels; sourceTree = "<group>"; };
		6855256899307EF1338B85BB /* Views */ = {isa = PBXGroup; children = (D3DB531FA22160379EBAA8D7 /* ActionDialog.swift */, 91B32267AFCBE10569D8D854 /* ChangesView.swift */, 09723C7E686BC460E19F3A2B /* DiffView.swift */, 3CB68DDEB147184592603B15 /* HistoryView.swift */, 5725393DAB83625D89F5D234 /* LibraryView.swift */, A979CF2BA9C064100180E2C2 /* RepositoryView.swift */, D0A6C207AB97BB86668E094C /* SharedViews.swift */, 78D94C318ED78C13A2DE219F /* WorkspaceCommands.swift */); path = Views; sourceTree = "<group>"; };
/* End PBXGroup section */

/* Begin PBXNativeTarget section */
		A00000000000000000000041 /* jj-git */ = {
			isa = PBXNativeTarget;
			buildConfigurationList = A00000000000000000000062;
			buildPhases = (A00000000000000000000051, A00000000000000000000021, A00000000000000000000052);
			buildRules = ();
			dependencies = ();
			name = "jj-git";
			productName = "jj-git";
			productReference = A00000000000000000000013 /* jj-git.app */;
			productType = "com.apple.product-type.application";
		};
/* End PBXNativeTarget section */

/* Begin PBXProject section */
		A00000000000000000000042 /* Project object */ = {
			isa = PBXProject;
			attributes = {BuildIndependentTargetsInParallel = YES; LastSwiftUpdateCheck = 2720; LastUpgradeCheck = 2720; };
			buildConfigurationList = A00000000000000000000061;
			compatibilityVersion = "Xcode 14.0";
			developmentRegion = en;
			hasScannedForEncodings = 0;
			knownRegions = (en, Base);
			mainGroup = A00000000000000000000031;
			productRefGroup = A00000000000000000000033 /* Products */;
			projectDirPath = "";
			projectRoot = "";
			targets = (A00000000000000000000041 /* jj-git */);
		};
/* End PBXProject section */

/* Begin PBXResourcesBuildPhase section */
		A00000000000000000000052 = {isa = PBXResourcesBuildPhase; buildActionMask = 2147483647; files = (A00000000000000000000003 /* Assets.xcassets in Resources */); runOnlyForDeploymentPostprocessing = 0; };
/* End PBXResourcesBuildPhase section */

/* Begin PBXSourcesBuildPhase section */
		A00000000000000000000051 = {
			isa = PBXSourcesBuildPhase;
			buildActionMask = 2147483647;
			files = (A1C0F16E0000000000000001 /* AppConfig.swift in Sources */, A1C0F16E0000000000000003 /* ConfigStore.swift in Sources */, 01EB25CD658C3D688C5F9B9C /* ShellEnvironment.swift in Sources */, D324840AD7DFB466A10BED32 /* WorkspaceCommands.swift in Sources */, 2A758416CF6C5E019425AABB /* SharedViews.swift in Sources */, 7C591F533911F8A1B5B84AF7 /* RepositoryView.swift in Sources */, 3D727F9B3F460F64310985CD /* LibraryView.swift in Sources */, A2431AD0045432EDAE29B117 /* HistoryView.swift in Sources */, E13C4A02AC1BC2B0E9FB4C69 /* DiffView.swift in Sources */, 5C64BBA958E27FBC11E964B0 /* ChangesView.swift in Sources */, 36B028470CE908D9E3F9742D /* ActionDialog.swift in Sources */, FF4EE48F7CFF0F8083B89AC2 /* Workspace.swift in Sources */, AE8449F8E1063D95C3D15E96 /* RepositorySession.swift in Sources */, 6AC5871237A3080185E1C3AD /* RepositoryMonitor.swift in Sources */, 9E04E53E55E8CA86BA0E2563 /* TextDiff.swift in Sources */, F341E2AC91D627D2AEE636EC /* RepositoryLibrary.swift in Sources */, 6B9BBC0F6B91F409C0BA3B93 /* Repository.swift in Sources */, 13D523FCE4A5CB130DC6EB0A /* CommitGraph.swift in Sources */, 0CCF077B949D11EA8E3C4000 /* RepositoryQuery.swift in Sources */, C942AD2480CB244D2A684DE2 /* RepositoryAction.swift in Sources */, 9AB4CDCE32DC893B42074938 /* GitProcess.swift in Sources */, A00000000000000000000001 /* JJGitApp.swift in Sources */, A00000000000000000000002 /* ContentView.swift in Sources */);
			runOnlyForDeploymentPostprocessing = 0;
		};
/* End PBXSourcesBuildPhase section */

/* Begin XCBuildConfiguration section */
		A00000000000000000000071 /* Debug */ = {
			isa = XCBuildConfiguration;
			baseConfigurationReference = A00000000000000000000014 /* version.xcconfig */;
			buildSettings = {
				CLANG_ENABLE_MODULES = YES;
				DEBUG_INFORMATION_FORMAT = dwarf;
				MACOSX_DEPLOYMENT_TARGET = 14.0;
				ONLY_ACTIVE_ARCH = YES;
				SDKROOT = macosx;
				SWIFT_ACTIVE_COMPILATION_CONDITIONS = "DEBUG $(inherited)";
				SWIFT_OPTIMIZATION_LEVEL = "-Onone";
				SWIFT_VERSION = 6.0;
			};
			name = Debug;
		};
		A00000000000000000000072 /* Release */ = {
			isa = XCBuildConfiguration;
			baseConfigurationReference = A00000000000000000000014 /* version.xcconfig */;
			buildSettings = {
				CLANG_ENABLE_MODULES = YES;
				DEBUG_INFORMATION_FORMAT = "dwarf-with-dsym";
				MACOSX_DEPLOYMENT_TARGET = 14.0;
				SDKROOT = macosx;
				SWIFT_COMPILATION_MODE = wholemodule;
				SWIFT_OPTIMIZATION_LEVEL = "-O";
				SWIFT_VERSION = 6.0;
			};
			name = Release;
		};
		A00000000000000000000073 /* Debug */ = {
			isa = XCBuildConfiguration;
			buildSettings = {
				ASSETCATALOG_COMPILER_APPICON_NAME = AppIconDebug;
				CODE_SIGN_IDENTITY = "-";
				CODE_SIGN_STYLE = Manual;
				ENABLE_APP_SANDBOX = NO;
				ENABLE_HARDENED_RUNTIME = YES;
				GENERATE_INFOPLIST_FILE = YES;
				INFOPLIST_KEY_CFBundleDisplayName = "$(PRODUCT_NAME)";
				INFOPLIST_KEY_LSApplicationCategoryType = "public.app-category.developer-tools";
				PRODUCT_BUNDLE_IDENTIFIER = "com.yigegongjiang.jj-git.debug";
				PRODUCT_NAME = "jj-git Debug";
			};
			name = Debug;
		};
		A00000000000000000000074 /* Release */ = {
			isa = XCBuildConfiguration;
			buildSettings = {
				ASSETCATALOG_COMPILER_APPICON_NAME = AppIcon;
				CODE_SIGN_IDENTITY = "-";
				CODE_SIGN_STYLE = Manual;
				ENABLE_APP_SANDBOX = NO;
				ENABLE_HARDENED_RUNTIME = YES;
				GENERATE_INFOPLIST_FILE = YES;
				INFOPLIST_KEY_CFBundleDisplayName = "$(PRODUCT_NAME)";
				INFOPLIST_KEY_LSApplicationCategoryType = "public.app-category.developer-tools";
				PRODUCT_BUNDLE_IDENTIFIER = "com.yigegongjiang.jj-git";
				PRODUCT_NAME = "$(TARGET_NAME)";
			};
			name = Release;
		};
/* End XCBuildConfiguration section */

/* Begin XCConfigurationList section */
		A00000000000000000000061 = {isa = XCConfigurationList; buildConfigurations = (A00000000000000000000071 /* Debug */, A00000000000000000000072 /* Release */); defaultConfigurationIsVisible = 0; defaultConfigurationName = Release; };
		A00000000000000000000062 = {isa = XCConfigurationList; buildConfigurations = (A00000000000000000000073 /* Debug */, A00000000000000000000074 /* Release */); defaultConfigurationIsVisible = 0; defaultConfigurationName = Release; };
/* End XCConfigurationList section */
	};
	rootObject = A00000000000000000000042 /* Project object */;
}
